<?xml version="1.0" encoding="utf-8"?>
<Project ToolsVersion="4.0" xmlns="http://schemas.microsoft.com/developer/msbuild/2003">
  <ItemGroup>
    <Filter Include="Resource Files">
      <UniqueIdentifier>{D9D6E242-F8AF-46E4-B9FD-80ECBC20BA3E}</UniqueIdentifier>
      <Extensions>qrc;*</Extensions>
      <ParseFiles>false</ParseFiles>
    </Filter>
    <Filter Include="Source Files">
      <UniqueIdentifier>{4FC737F1-C7A5-4376-A066-2A32D752A2FF}</UniqueIdentifier>
      <Extensions>cpp;c;cc;cxx;def;odl;idl;hpj;bat;asm;asmx</Extensions>
      <ParseFiles>true</ParseFiles>
    </Filter>
    <Filter Include="Header Files">
      <UniqueIdentifier>{93995380-89BD-4b04-88EB-625FBE52EBFB}</UniqueIdentifier>
      <Extensions>h;hh;hpp;hxx;hm;inl;inc;xsd</Extensions>
      <ParseFiles>true</ParseFiles>
    </Filter>
    <Filter Include="Form Files">
      <UniqueIdentifier>{99349809-55BA-4b9d-BF79-8FDBB0286EB3}</UniqueIdentifier>
      <Extensions>ui</Extensions>
      <ParseFiles>true</ParseFiles>
    </Filter>
  </ItemGroup>
  <ItemGroup>
    <ClCompile Include="src\d3d11renderwidget.cpp">
      <Filter>Source Files</Filter>
    </ClCompile>
    <ClCompile Include="src\main.cpp">
      <Filter>Source Files</Filter>
    </ClCompile>
    <ClCompile Include="src\ARZipPreviewWindow.cpp">
      <Filter>Source Files</Filter>
    </ClCompile>
    <ClCompile Include="src\effectLayerItem.cpp">
      <Filter>Source Files</Filter>
    </ClCompile>
    <ClCompile Include="src\C2DPicTextureEffect_EditWidget.cpp">
      <Filter>Source Files</Filter>
    </ClCompile>
    <ClCompile Include="src\layersWidget.cpp">
      <Filter>Source Files</Filter>
    </ClCompile>
    <ClCompile Include="src\CFaceMakeUp_EditWidget.cpp">
      <Filter>Source Files</Filter>
    </ClCompile>
    <ClCompile Include="src\EditSwitchWidget.cpp">
      <Filter>Source Files</Filter>
    </ClCompile>
    <ClCompile Include="src\TextureWidget.cpp">
      <Filter>Source Files</Filter>
    </ClCompile>
    <ClCompile Include="src\renderBgWidget.cpp">
      <Filter>Source Files</Filter>
    </ClCompile>
    <ClCompile Include="src\Light_EditWidget.cpp">
      <Filter>Source Files</Filter>
    </ClCompile>
    <ClCompile Include="src\NPR_EditWidget.cpp">
      <Filter>Source Files</Filter>
    </ClCompile>
    <ClCompile Include="src\Scene2DEffect_EditWidget.cpp">
      <Filter>Source Files</Filter>
    </ClCompile>
    <ClCompile Include="src\FacialEditWidget.cpp">
      <Filter>Source Files</Filter>
    </ClCompile>
    <ClCompile Include="src\CImageBeautify.cpp">
      <Filter>Source Files</Filter>
    </ClCompile>
    <ClCompile Include="src\mainwindow.cpp">
      <Filter>Source Files</Filter>
    </ClCompile>
    <ClCompile Include="src\glrenderwiget.cpp">
      <Filter>Source Files</Filter>
    </ClCompile>
    <ClCompile Include="src\glwidget.cpp">
      <Filter>Source Files</Filter>
    </ClCompile>
    <ClCompile Include="src\FaceDetector.cpp">
      <Filter>Source Files</Filter>
    </ClCompile>
    <ClCompile Include="src\tasklogic.cpp">
      <Filter>Source Files</Filter>
    </ClCompile>
    <ClCompile Include="src\VideoPreProcess.cpp">
      <Filter>Source Files</Filter>
    </ClCompile>
    <ClCompile Include="src\3DModelPreview\ARModelPreviewWindow.cpp">
      <Filter>Source Files</Filter>
    </ClCompile>
    <ClCompile Include="src\3DModelPreview\ModelRenderLogic.cpp">
      <Filter>Source Files</Filter>
    </ClCompile>
    <ClCompile Include="src\3DModelPreview\BasicPreview.cpp">
      <Filter>Source Files</Filter>
    </ClCompile>
    <ClCompile Include="src\3DModelPreview\D3D11Preview.cpp">
      <Filter>Source Files</Filter>
    </ClCompile>
    <ClCompile Include="src\3DModelPreview\BasicToolTab.cpp">
      <Filter>Source Files</Filter>
    </ClCompile>
    <ClCompile Include="src\3DModelPreview\DataCenter.cpp">
      <Filter>Source Files</Filter>
    </ClCompile>
    <ClCompile Include="src\3DModelPreview\QUIEvent.cpp">
      <Filter>Source Files</Filter>
    </ClCompile>
    <ClCompile Include="src\3DModelPreview\MaterialToolTab.cpp">
      <Filter>Source Files</Filter>
    </ClCompile>
    <ClCompile Include="src\3DModelPreview\PostProcessToolTab.cpp">
      <Filter>Source Files</Filter>
    </ClCompile>
  </ItemGroup>
  <ItemGroup>
    <QtMoc Include="src\d3d11renderwidget.h">
      <Filter>Header Files</Filter>
    </QtMoc>
    <QtMoc Include="src\ARZipPreviewWindow.h">
      <Filter>Header Files</Filter>
    </QtMoc>
    <QtMoc Include="src\effectLayerItem.h">
      <Filter>Header Files</Filter>
    </QtMoc>
    <QtMoc Include="src\C2DPicTextureEffect_EditWidget.h">
      <Filter>Header Files</Filter>
    </QtMoc>
    <QtMoc Include="src\layersWidget.h">
      <Filter>Header Files</Filter>
    </QtMoc>
    <QtMoc Include="src\EditSwitchWidget.h">
      <Filter>Header Files</Filter>
    </QtMoc>
    <QtMoc Include="src\TextureWidget.h">
      <Filter>Header Files</Filter>
    </QtMoc>
    <QtMoc Include="src\renderBgWidget.h">
      <Filter>Header Files</Filter>
    </QtMoc>
    <QtMoc Include="src\Light_EditWidget.h">
      <Filter>Header Files</Filter>
    </QtMoc>
    <QtMoc Include="src\NPR_EditWidget.h">
      <Filter>Header Files</Filter>
    </QtMoc>
    <QtMoc Include="src\Scene2DEffect_EditWidget.h">
      <Filter>Header Files</Filter>
    </QtMoc>
    <QtMoc Include="src\FacialEditWidget.h">
      <Filter>Header Files</Filter>
    </QtMoc>
    <QtMoc Include="src\CFaceMakeUp_EditWidget.h">
      <Filter>Header Files</Filter>
    </QtMoc>
    <QtMoc Include="src\mainwindow.h">
      <Filter>Header Files</Filter>
    </QtMoc>
    <QtMoc Include="src\glrenderwiget.h">
      <Filter>Header Files</Filter>
    </QtMoc>
    <QtMoc Include="src\glwidget.h">
      <Filter>Header Files</Filter>
    </QtMoc>
    <QtMoc Include="src\3DModelPreview\ARModelPreviewWindow.h">
      <Filter>Header Files</Filter>
    </QtMoc>
    <QtMoc Include="src\3DModelPreview\BasicPreview.h">
      <Filter>Header Files</Filter>
    </QtMoc>
    <QtMoc Include="src\3DModelPreview\D3D11Preview.h">
      <Filter>Header Files</Filter>
    </QtMoc>
    <QtMoc Include="src\3DModelPreview\BasicToolTab.h">
      <Filter>Header Files</Filter>
    </QtMoc>
    <QtMoc Include="src\3DModelPreview\MaterialToolTab.h">
      <Filter>Header Files</Filter>
    </QtMoc>
    <QtMoc Include="src\3DModelPreview\PostProcessToolTab.h">
      <Filter>Header Files</Filter>
    </QtMoc>
  </ItemGroup>
  <ItemGroup>
    <ClInclude Include="src\CImageBeautify.h">
      <Filter>Header Files</Filter>
    </ClInclude>
    <ClInclude Include="src\FaceDetector.h">
      <Filter>Header Files</Filter>
    </ClInclude>
    <ClInclude Include="src\Task\taskevent.h">
      <Filter>Header Files</Filter>
    </ClInclude>
    <ClInclude Include="src\Task\basetask.h">
      <Filter>Header Files</Filter>
    </ClInclude>
    <ClInclude Include="src\tasklogic.h">
      <Filter>Header Files</Filter>
    </ClInclude>
    <ClInclude Include="src\VideoPreProcess.h">
      <Filter>Header Files</Filter>
    </ClInclude>
    <ClInclude Include="src\3DModelPreview\ModelRenderLogic.h">
      <Filter>Header Files</Filter>
    </ClInclude>
    <ClInclude Include="src\3DModelPreview\DataCenter.h">
      <Filter>Header Files</Filter>
    </ClInclude>
    <ClInclude Include="src\3DModelPreview\QUIEvent.h">
      <Filter>Header Files</Filter>
    </ClInclude>
  </ItemGroup>
  <ItemGroup>
    <QtUic Include="src\mainwindow.ui">
      <Filter>Form Files</Filter>
    </QtUic>
    <QtUic Include="src\3DModelPreview\ARModelPreviewWindow.ui">
      <Filter>Form Files</Filter>
    </QtUic>
  </ItemGroup>
</Project>